
Microsoft Visual Studio Solution File, Format Version 12.00
# Visual Studio Version 17
VisualStudioVersion = 17.0.32112.339
MinimumVisualStudioVersion = 10.0.40219.1
Project("{FAE04EC0-301F-11D3-BF4B-00C04F79EFBC}") = "Cards.API", "Cards.API\Cards.API.csproj", "{A3D8E37B-DFFC-4155-A262-9D9059B33224}"
EndProject
Global
	GlobalSection(SolutionConfigurationPlatforms) = preSolution
		Debug|Any CPU = Debug|Any CPU
		Release|Any CPU = Release|Any CPU
	EndGlobalSection
	GlobalSection(ProjectConfigurationPlatforms) = postSolution
		{A3D8E37B-DFFC-4155-A262-9D9059B33224}.Debug|Any CPU.ActiveCfg = Debug|Any CPU
		{A3D8E37B-DFFC-4155-A262-9D9059B33224}.Debug|Any CPU.Build.0 = Debug|Any CPU
		{A3D8E37B-DFFC-4155-A262-9D9059B33224}.Release|Any CPU.ActiveCfg = Release|Any CPU
		{A3D8E37B-DFFC-4155-A262-9D9059B33224}.Release|Any CPU.Build.0 = Release|Any CPU
	EndGlobalSection
	GlobalSection(SolutionProperties) = preSolution
		HideSolutionNode = FALSE
	EndGlobalSection
	GlobalSection(ExtensibilityGlobals) = postSolution
		SolutionGuid = {C4198611-7D24-4540-BB23-315EB04B78C6}
	EndGlobalSection
EndGlobal
